
Microsoft Visual Studio Solution File, Format Version 11.00
# Visual Studio 2010
Project("{FAE04EC0-301F-11D3-BF4B-00C04F79EFBC}") = "UnityEngine.TestRunner", "UnityEngine.TestRunner.csproj", "{3cff06fd-e304-2473-f6b1-c93c7b107c10}"
EndProject
Project("{FAE04EC0-301F-11D3-BF4B-00C04F79EFBC}") = "UnityEngine.UI", "UnityEngine.UI.csproj", "{b1b308e7-d335-96cf-55a3-6551c7a96109}"
EndProject
Project("{FAE04EC0-301F-11D3-BF4B-00C04F79EFBC}") = "Unity.VisualScripting.Flow", "Unity.VisualScripting.Flow.csproj", "{c79e8887-3eeb-b6b1-b2eb-c55c5b4b47db}"
EndProject
Project("{FAE04EC0-301F-11D3-BF4B-00C04F79EFBC}") = "Assembly-CSharp", "Assembly-CSharp.csproj", "{25242eed-ebde-f925-a760-03a7f890f9a4}"
EndProject
Project("{FAE04EC0-301F-11D3-BF4B-00C04F79EFBC}") = "Unity.Mathematics", "Unity.Mathematics.csproj", "{56c0166b-1d55-0d9d-9f3c-49c18e7ff286}"
EndProject
Project("{FAE04EC0-301F-11D3-BF4B-00C04F79EFBC}") = "Unity.VisualScripting.State", "Unity.VisualScripting.State.csproj", "{72bd5765-2301-bf7c-da59-4ae9ad4dadee}"
EndProject
Project("{FAE04EC0-301F-11D3-BF4B-00C04F79EFBC}") = "Unity.VisualScripting.Core", "Unity.VisualScripting.Core.csproj", "{7fa42176-7852-3ea8-f1e6-49354d629f42}"
EndProject
Project("{FAE04EC0-301F-11D3-BF4B-00C04F79EFBC}") = "Unity.Animation.Rigging", "Unity.Animation.Rigging.csproj", "{0b47bf7f-a6cf-fbf7-c963-f9d808613bf8}"
EndProject
Project("{FAE04EC0-301F-11D3-BF4B-00C04F79EFBC}") = "Unity.Burst", "Unity.Burst.csproj", "{b6084fa9-601a-7713-8272-0d907775518d}"
EndProject
Project("{FAE04EC0-301F-11D3-BF4B-00C04F79EFBC}") = "Unity.2D.Animation.Runtime", "Unity.2D.Animation.Runtime.csproj", "{b60f842b-8eec-8bae-2f4a-e57128e15ece}"
EndProject
Project("{FAE04EC0-301F-11D3-BF4B-00C04F79EFBC}") = "Unity.TextMeshPro", "Unity.TextMeshPro.csproj", "{d8d94659-173b-9a66-b0d4-03697022f4f2}"
EndProject
Project("{FAE04EC0-301F-11D3-BF4B-00C04F79EFBC}") = "Unity.Polybrush", "Unity.Polybrush.csproj", "{03b25bee-3ff4-edb7-8a43-87f2f697e1e8}"
EndProject
Project("{FAE04EC0-301F-11D3-BF4B-00C04F79EFBC}") = "Unity.ProBuilder.Poly2Tri", "Unity.ProBuilder.Poly2Tri.csproj", "{8f641919-d066-7fdd-f46f-8f2e2d497c82}"
EndProject
Project("{FAE04EC0-301F-11D3-BF4B-00C04F79EFBC}") = "Cinemachine", "Cinemachine.csproj", "{6a8b0429-b03c-341c-3ce3-bbd0adfbea10}"
EndProject
Project("{FAE04EC0-301F-11D3-BF4B-00C04F79EFBC}") = "Unity.Timeline", "Unity.Timeline.csproj", "{6b86c147-2dbd-ab14-e01b-96d34414c569}"
EndProject
Project("{FAE04EC0-301F-11D3-BF4B-00C04F79EFBC}") = "Autodesk.Fbx", "Autodesk.Fbx.csproj", "{f71da59e-33b0-5814-a710-bbba8ab5e065}"
EndProject
Project("{FAE04EC0-301F-11D3-BF4B-00C04F79EFBC}") = "Unity.ProBuilder", "Unity.ProBuilder.csproj", "{9ad21ea5-2ead-a64b-600b-51679b978f9c}"
EndProject
Project("{FAE04EC0-301F-11D3-BF4B-00C04F79EFBC}") = "Unity.2D.SpriteShape.Runtime", "Unity.2D.SpriteShape.Runtime.csproj", "{2c84dbd7-afff-496e-86ee-3735028a031f}"
EndProject
Project("{FAE04EC0-301F-11D3-BF4B-00C04F79EFBC}") = "Unity.ProBuilder.Csg", "Unity.ProBuilder.Csg.csproj", "{dcb1e37c-a76e-aeef-c219-4bdc7b240d7d}"
EndProject
Project("{FAE04EC0-301F-11D3-BF4B-00C04F79EFBC}") = "Unity.2D.PixelPerfect", "Unity.2D.PixelPerfect.csproj", "{de0c2e4a-73bf-640b-a2f1-57d304ea5fba}"
EndProject
Project("{FAE04EC0-301F-11D3-BF4B-00C04F79EFBC}") = "Unity.2D.Common.Runtime", "Unity.2D.Common.Runtime.csproj", "{052c5c81-91a6-bd90-ac1c-71855147b1aa}"
EndProject
Project("{FAE04EC0-301F-11D3-BF4B-00C04F79EFBC}") = "Unity.2D.IK.Runtime", "Unity.2D.IK.Runtime.csproj", "{eeb65684-75e1-ccc3-489f-42acd1177add}"
EndProject
Project("{FAE04EC0-301F-11D3-BF4B-00C04F79EFBC}") = "Unity.TerrainTools", "Unity.TerrainTools.csproj", "{c469d11a-a8b3-397a-1833-466896427a62}"
EndProject
Project("{FAE04EC0-301F-11D3-BF4B-00C04F79EFBC}") = "Unity.2D.Tilemap.Extras", "Unity.2D.Tilemap.Extras.csproj", "{4e1bdc16-de16-7445-39ef-6577a98697fe}"
EndProject
Project("{FAE04EC0-301F-11D3-BF4B-00C04F79EFBC}") = "Unity.ProBuilder.KdTree", "Unity.ProBuilder.KdTree.csproj", "{ec50ee89-7814-e955-d0b9-9dfb5d57ece8}"
EndProject
Project("{FAE04EC0-301F-11D3-BF4B-00C04F79EFBC}") = "Unity.Formats.Fbx.Runtime", "Unity.Formats.Fbx.Runtime.csproj", "{575b1805-5b87-35a1-7623-c99067cf5b50}"
EndProject
Project("{FAE04EC0-301F-11D3-BF4B-00C04F79EFBC}") = "Unity.InternalAPIEngineBridge.001", "Unity.InternalAPIEngineBridge.001.csproj", "{8619abef-2ea0-874f-a489-4ff94a5fa9a5}"
EndProject
Project("{FAE04EC0-301F-11D3-BF4B-00C04F79EFBC}") = "Unity.ProBuilder.Stl", "Unity.ProBuilder.Stl.csproj", "{9e390c2b-d270-07ec-d284-9005b9db70d6}"
EndProject
Project("{FAE04EC0-301F-11D3-BF4B-00C04F79EFBC}") = "FbxBuildTestAssets", "FbxBuildTestAssets.csproj", "{71fea277-94df-494a-642b-a1837856207a}"
EndProject
Project("{FAE04EC0-301F-11D3-BF4B-00C04F79EFBC}") = "Unity.PlasticSCM.Editor", "Unity.PlasticSCM.Editor.csproj", "{5c3dde5e-f5f2-df5c-8482-8c3087f0ba13}"
EndProject
Project("{FAE04EC0-301F-11D3-BF4B-00C04F79EFBC}") = "Unity.VisualScripting.Core.Editor", "Unity.VisualScripting.Core.Editor.csproj", "{10743795-1c1b-3d93-ca1a-e7f6892360ce}"
EndProject
Project("{FAE04EC0-301F-11D3-BF4B-00C04F79EFBC}") = "Unity.VisualScripting.Flow.Editor", "Unity.VisualScripting.Flow.Editor.csproj", "{5e0e504a-e2bb-221a-ad6d-83532dccb865}"
EndProject
Project("{FAE04EC0-301F-11D3-BF4B-00C04F79EFBC}") = "Unity.TerrainTools.Editor", "Unity.TerrainTools.Editor.csproj", "{5effed7c-53b5-b841-4592-8b1e0cb7b47b}"
EndProject
Project("{FAE04EC0-301F-11D3-BF4B-00C04F79EFBC}") = "Unity.Formats.Fbx.Editor", "Unity.Formats.Fbx.Editor.csproj", "{53f01b70-4add-a670-a283-39bbd35700d7}"
EndProject
Project("{FAE04EC0-301F-11D3-BF4B-00C04F79EFBC}") = "Unity.VisualStudio.Editor", "Unity.VisualStudio.Editor.csproj", "{b9cd7ff1-972e-bfdd-533a-34a424c766f4}"
EndProject
Project("{FAE04EC0-301F-11D3-BF4B-00C04F79EFBC}") = "Unity.ProBuilder.Editor", "Unity.ProBuilder.Editor.csproj", "{540f3947-7761-09eb-1909-1def77f9c6a7}"
EndProject
Project("{FAE04EC0-301F-11D3-BF4B-00C04F79EFBC}") = "Unity.Timeline.Editor", "Unity.Timeline.Editor.csproj", "{2622f009-35a9-858f-35b5-3bc51fc74c6b}"
EndProject
Project("{FAE04EC0-301F-11D3-BF4B-00C04F79EFBC}") = "com.unity.cinemachine.editor", "com.unity.cinemachine.editor.csproj", "{d3296a70-b552-cd03-d5ef-0e5a0f202024}"
EndProject
Project("{FAE04EC0-301F-11D3-BF4B-00C04F79EFBC}") = "Unity.VisualScripting.State.Editor", "Unity.VisualScripting.State.Editor.csproj", "{71629827-42e7-51df-f34b-ba4554c7d104}"
EndProject
Project("{FAE04EC0-301F-11D3-BF4B-00C04F79EFBC}") = "Unity.TextMeshPro.Editor", "Unity.TextMeshPro.Editor.csproj", "{ec97fa32-be27-c631-8875-3a2d2375b0d1}"
EndProject
Project("{FAE04EC0-301F-11D3-BF4B-00C04F79EFBC}") = "Unity.2D.PixelPerfect.Editor", "Unity.2D.PixelPerfect.Editor.csproj", "{f4814207-7d5e-cbd3-d5bb-cc89a2a001e4}"
EndProject
Project("{FAE04EC0-301F-11D3-BF4B-00C04F79EFBC}") = "Unity.2D.Animation.Editor", "Unity.2D.Animation.Editor.csproj", "{4b4c9ac8-68d8-0a2e-0c53-1a62305442ac}"
EndProject
Project("{FAE04EC0-301F-11D3-BF4B-00C04F79EFBC}") = "Unity.VisualScripting.SettingsProvider.Editor", "Unity.VisualScripting.SettingsProvider.Editor.csproj", "{18de24b5-bab4-b2d5-caa3-6ad1f43102d8}"
EndProject
Project("{FAE04EC0-301F-11D3-BF4B-00C04F79EFBC}") = "Unity.2D.Psdimporter.Editor", "Unity.2D.Psdimporter.Editor.csproj", "{930e4900-8d5e-c2de-7314-1fcc8aab2aa2}"
EndProject
Project("{FAE04EC0-301F-11D3-BF4B-00C04F79EFBC}") = "UnityEditor.TestRunner", "UnityEditor.TestRunner.csproj", "{234bf136-fa17-6272-4866-2393e670ea18}"
EndProject
Project("{FAE04EC0-301F-11D3-BF4B-00C04F79EFBC}") = "Unity.2D.Tilemap.Editor", "Unity.2D.Tilemap.Editor.csproj", "{983c97d5-0ced-90eb-0d78-66162034c1c7}"
EndProject
Project("{FAE04EC0-301F-11D3-BF4B-00C04F79EFBC}") = "Unity.TestTools.CodeCoverage.Editor", "Unity.TestTools.CodeCoverage.Editor.csproj", "{88f494d4-d0a1-0cf0-3128-b65982e4288b}"
EndProject
Project("{FAE04EC0-301F-11D3-BF4B-00C04F79EFBC}") = "Unity.Polybrush.Editor", "Unity.Polybrush.Editor.csproj", "{fe63afd2-ada0-b859-f2cd-1c030eaea1de}"
EndProject
Project("{FAE04EC0-301F-11D3-BF4B-00C04F79EFBC}") = "Unity.Rider.Editor", "Unity.Rider.Editor.csproj", "{eed671a0-c026-04e2-f661-b3fd5af5ec23}"
EndProject
Project("{FAE04EC0-301F-11D3-BF4B-00C04F79EFBC}") = "Unity.2D.Path.Editor", "Unity.2D.Path.Editor.csproj", "{8fc87511-e8a3-646d-151f-e03bdf2af19b}"
EndProject
Project("{FAE04EC0-301F-11D3-BF4B-00C04F79EFBC}") = "Unity.Animation.Rigging.Editor", "Unity.Animation.Rigging.Editor.csproj", "{28572872-3788-0de8-cfb7-e8b992596c50}"
EndProject
Project("{FAE04EC0-301F-11D3-BF4B-00C04F79EFBC}") = "PsdPlugin", "PsdPlugin.csproj", "{d0eaea68-aeba-60b9-8d79-0e4cbae80cab}"
EndProject
Project("{FAE04EC0-301F-11D3-BF4B-00C04F79EFBC}") = "Unity.Performance.Profile-Analyzer.Editor", "Unity.Performance.Profile-Analyzer.Editor.csproj", "{8adf8d30-634b-57c1-dc41-d43757e18398}"
EndProject
Project("{FAE04EC0-301F-11D3-BF4B-00C04F79EFBC}") = "Unity.2D.IK.Editor", "Unity.2D.IK.Editor.csproj", "{4b28a1d1-1cb0-c068-3783-c7f43d902f1c}"
EndProject
Project("{FAE04EC0-301F-11D3-BF4B-00C04F79EFBC}") = "Unity.2D.SpriteShape.Editor", "Unity.2D.SpriteShape.Editor.csproj", "{150a1f7e-259b-ad55-4904-54da6fcf9c29}"
EndProject
Project("{FAE04EC0-301F-11D3-BF4B-00C04F79EFBC}") = "Unity.Burst.CodeGen", "Unity.Burst.CodeGen.csproj", "{6325718b-19d9-779b-29d3-f253954fe3a8}"
EndProject
Project("{FAE04EC0-301F-11D3-BF4B-00C04F79EFBC}") = "Unity.VSCode.Editor", "Unity.VSCode.Editor.csproj", "{7c1c97a2-24b7-99bf-5a84-bd95f147e359}"
EndProject
Project("{FAE04EC0-301F-11D3-BF4B-00C04F79EFBC}") = "Unity.ProBuilder.AssetIdRemapUtility", "Unity.ProBuilder.AssetIdRemapUtility.csproj", "{6f259960-27bf-07e1-f8f1-c6dd441141b5}"
EndProject
Project("{FAE04EC0-301F-11D3-BF4B-00C04F79EFBC}") = "Unity.2D.Sprite.Editor", "Unity.2D.Sprite.Editor.csproj", "{f3845822-12fa-1ae2-a5e7-f74c51bf1d54}"
EndProject
Project("{FAE04EC0-301F-11D3-BF4B-00C04F79EFBC}") = "UnityEditor.UI", "UnityEditor.UI.csproj", "{f9f8a1e8-be2a-2f31-0d4b-87f7f2be8fff}"
EndProject
Project("{FAE04EC0-301F-11D3-BF4B-00C04F79EFBC}") = "Unity.TestTools.CodeCoverage.Editor.OpenCover.Model", "Unity.TestTools.CodeCoverage.Editor.OpenCover.Model.csproj", "{098acc0a-8d62-a64d-be4f-3d59f586d0b5}"
EndProject
Project("{FAE04EC0-301F-11D3-BF4B-00C04F79EFBC}") = "Unity.EditorCoroutines.Editor", "Unity.EditorCoroutines.Editor.csproj", "{0fb54e9a-0d2e-1420-8b41-69b3bd709e96}"
EndProject
Project("{FAE04EC0-301F-11D3-BF4B-00C04F79EFBC}") = "Unity.Settings.Editor", "Unity.Settings.Editor.csproj", "{9bc10e97-892a-9dcc-998f-39c3bc5c2831}"
EndProject
Project("{FAE04EC0-301F-11D3-BF4B-00C04F79EFBC}") = "Unity.2D.Common.Editor", "Unity.2D.Common.Editor.csproj", "{2aca7fda-6ae7-b7ea-b477-8e18b2a9ae0f}"
EndProject
Project("{FAE04EC0-301F-11D3-BF4B-00C04F79EFBC}") = "Unity.CollabProxy.Editor", "Unity.CollabProxy.Editor.csproj", "{bbfa9a3e-39b9-f679-4e64-f3bed69987da}"
EndProject
Project("{FAE04EC0-301F-11D3-BF4B-00C04F79EFBC}") = "Unity.Mathematics.Editor", "Unity.Mathematics.Editor.csproj", "{21b1941a-e6e2-056c-457b-1c6bcb66da06}"
EndProject
Project("{FAE04EC0-301F-11D3-BF4B-00C04F79EFBC}") = "Unity.2D.Tilemap.Extras.Editor", "Unity.2D.Tilemap.Extras.Editor.csproj", "{5695dedf-a3cd-4fb8-51e0-e9756db645e3}"
EndProject
Project("{FAE04EC0-301F-11D3-BF4B-00C04F79EFBC}") = "Unity.Burst.Editor", "Unity.Burst.Editor.csproj", "{99426d1d-851e-562b-240a-5188f0edc5c0}"
EndProject
Project("{FAE04EC0-301F-11D3-BF4B-00C04F79EFBC}") = "Autodesk.Fbx.Editor", "Autodesk.Fbx.Editor.csproj", "{b2db977f-7ccd-9d3c-227b-5b24787e05bd}"
EndProject
Project("{FAE04EC0-301F-11D3-BF4B-00C04F79EFBC}") = "Unity.InternalAPIEditorBridge.001", "Unity.InternalAPIEditorBridge.001.csproj", "{212e95ae-2a58-a5fb-d522-c16ffb3ee735}"
EndProject
Project("{FAE04EC0-301F-11D3-BF4B-00C04F79EFBC}") = "Unity.TestTools.CodeCoverage.Editor.OpenCover.Mono.Reflection", "Unity.TestTools.CodeCoverage.Editor.OpenCover.Mono.Reflection.csproj", "{ff714ec9-fa80-9063-a849-a8855d118a29}"
EndProject
Project("{FAE04EC0-301F-11D3-BF4B-00C04F79EFBC}") = "Unity.VisualScripting.Shared.Editor", "Unity.VisualScripting.Shared.Editor.csproj", "{6f753a2f-4923-16c7-04a5-3af6038eeabc}"
EndProject
Project("{FAE04EC0-301F-11D3-BF4B-00C04F79EFBC}") = "Unity.ProBuilder.AddOns.Editor", "Unity.ProBuilder.AddOns.Editor.csproj", "{3e734aa9-41ef-584d-2a05-a5d6c5cc9c49}"
EndProject
Project("{FAE04EC0-301F-11D3-BF4B-00C04F79EFBC}") = "UnityEngine.TestRunner", "UnityEngine.TestRunner.Player.csproj", "{cb69fd08-a053-c5e1-61dc-d21e2a52145e}"
EndProject
Project("{FAE04EC0-301F-11D3-BF4B-00C04F79EFBC}") = "UnityEngine.UI", "UnityEngine.UI.Player.csproj", "{37460400-a8fe-80bd-e965-68fcf9c9eed3}"
EndProject
Project("{FAE04EC0-301F-11D3-BF4B-00C04F79EFBC}") = "Unity.VisualScripting.Flow", "Unity.VisualScripting.Flow.Player.csproj", "{15aba643-e61a-bbf1-d945-8e02fbdddc8c}"
EndProject
Project("{FAE04EC0-301F-11D3-BF4B-00C04F79EFBC}") = "Assembly-CSharp", "Assembly-CSharp.Player.csproj", "{bb111f2f-41e5-9051-9827-5211ac7fdc48}"
EndProject
Project("{FAE04EC0-301F-11D3-BF4B-00C04F79EFBC}") = "Unity.Mathematics", "Unity.Mathematics.Player.csproj", "{8c2259a4-98a8-715e-55aa-153e5c793b60}"
EndProject
Project("{FAE04EC0-301F-11D3-BF4B-00C04F79EFBC}") = "Unity.VisualScripting.State", "Unity.VisualScripting.State.Player.csproj", "{04c3bf0f-4815-9b85-8bce-8e374968e241}"
EndProject
Project("{FAE04EC0-301F-11D3-BF4B-00C04F79EFBC}") = "Unity.VisualScripting.Core", "Unity.VisualScripting.Core.Player.csproj", "{176b3f4c-11d4-74b7-64b8-5b1a7b1f7df6}"
EndProject
Project("{FAE04EC0-301F-11D3-BF4B-00C04F79EFBC}") = "Unity.Animation.Rigging", "Unity.Animation.Rigging.Player.csproj", "{aee9f852-193f-c704-c4bf-f238ae3d5d46}"
EndProject
Project("{FAE04EC0-301F-11D3-BF4B-00C04F79EFBC}") = "Unity.Burst", "Unity.Burst.Player.csproj", "{3acf269c-6496-2c81-7ebb-dd4d08d864b2}"
EndProject
Project("{FAE04EC0-301F-11D3-BF4B-00C04F79EFBC}") = "Unity.2D.Animation.Runtime", "Unity.2D.Animation.Runtime.Player.csproj", "{8d54a8ff-aa11-f5d8-48ab-40fae264c110}"
EndProject
Project("{FAE04EC0-301F-11D3-BF4B-00C04F79EFBC}") = "Unity.TextMeshPro", "Unity.TextMeshPro.Player.csproj", "{385bb8b5-48a5-fae6-ce6e-6f52840c49b3}"
EndProject
Project("{FAE04EC0-301F-11D3-BF4B-00C04F79EFBC}") = "Unity.Polybrush", "Unity.Polybrush.Player.csproj", "{6630de01-9f1e-c460-9c72-e1012fe22960}"
EndProject
Project("{FAE04EC0-301F-11D3-BF4B-00C04F79EFBC}") = "Unity.ProBuilder.Poly2Tri", "Unity.ProBuilder.Poly2Tri.Player.csproj", "{95d4eab5-80e4-8721-dd8f-0113adc3d8b3}"
EndProject
Project("{FAE04EC0-301F-11D3-BF4B-00C04F79EFBC}") = "Cinemachine", "Cinemachine.Player.csproj", "{5cde9c93-e7ae-d05e-ec7f-96a3bd68f489}"
EndProject
Project("{FAE04EC0-301F-11D3-BF4B-00C04F79EFBC}") = "Unity.Timeline", "Unity.Timeline.Player.csproj", "{2f4e5140-bbd5-5a63-bd88-2406a27f5b31}"
EndProject
Project("{FAE04EC0-301F-11D3-BF4B-00C04F79EFBC}") = "Autodesk.Fbx", "Autodesk.Fbx.Player.csproj", "{3a8cab7a-1449-df7e-559d-6dc04ee8db9a}"
EndProject
Project("{FAE04EC0-301F-11D3-BF4B-00C04F79EFBC}") = "Unity.ProBuilder", "Unity.ProBuilder.Player.csproj", "{8ef14804-5070-1c0a-f483-619d9fae19f2}"
EndProject
Project("{FAE04EC0-301F-11D3-BF4B-00C04F79EFBC}") = "Unity.2D.SpriteShape.Runtime", "Unity.2D.SpriteShape.Runtime.Player.csproj", "{dc2cc330-0f80-ba00-cb55-96bdf927e197}"
EndProject
Project("{FAE04EC0-301F-11D3-BF4B-00C04F79EFBC}") = "Unity.ProBuilder.Csg", "Unity.ProBuilder.Csg.Player.csproj", "{e80f6c19-313c-bc21-5951-1b2ef051ea5e}"
EndProject
Project("{FAE04EC0-301F-11D3-BF4B-00C04F79EFBC}") = "Unity.2D.PixelPerfect", "Unity.2D.PixelPerfect.Player.csproj", "{311c1805-cdef-f8fd-9c79-40b04b6a33f8}"
EndProject
Project("{FAE04EC0-301F-11D3-BF4B-00C04F79EFBC}") = "Unity.2D.Common.Runtime", "Unity.2D.Common.Runtime.Player.csproj", "{121ab89b-bacb-a48f-4d61-b9b479d4d38a}"
EndProject
Project("{FAE04EC0-301F-11D3-BF4B-00C04F79EFBC}") = "Unity.2D.IK.Runtime", "Unity.2D.IK.Runtime.Player.csproj", "{10437ec7-46dc-84d2-e10e-c94942544c1c}"
EndProject
Project("{FAE04EC0-301F-11D3-BF4B-00C04F79EFBC}") = "Unity.TerrainTools", "Unity.TerrainTools.Player.csproj", "{e5376325-4f31-cf9a-6371-00e6b14907de}"
EndProject
Project("{FAE04EC0-301F-11D3-BF4B-00C04F79EFBC}") = "Unity.2D.Tilemap.Extras", "Unity.2D.Tilemap.Extras.Player.csproj", "{9fb06a31-8be8-1267-1e77-f99aa45f2d41}"
EndProject
Project("{FAE04EC0-301F-11D3-BF4B-00C04F79EFBC}") = "Unity.ProBuilder.KdTree", "Unity.ProBuilder.KdTree.Player.csproj", "{dc12c516-5a33-ce87-8166-b5574c1b5e57}"
EndProject
Project("{FAE04EC0-301F-11D3-BF4B-00C04F79EFBC}") = "Unity.Formats.Fbx.Runtime", "Unity.Formats.Fbx.Runtime.Player.csproj", "{2c2fc717-549d-744c-1e9f-cff73e3094be}"
EndProject
Project("{FAE04EC0-301F-11D3-BF4B-00C04F79EFBC}") = "Unity.InternalAPIEngineBridge.001", "Unity.InternalAPIEngineBridge.001.Player.csproj", "{4fc43b6c-8dac-96e4-f12e-2c4bd2387c10}"
EndProject
Project("{FAE04EC0-301F-11D3-BF4B-00C04F79EFBC}") = "Unity.ProBuilder.Stl", "Unity.ProBuilder.Stl.Player.csproj", "{a91cddd7-a478-5610-6fc9-3a089af58891}"
EndProject
Project("{FAE04EC0-301F-11D3-BF4B-00C04F79EFBC}") = "FbxBuildTestAssets", "FbxBuildTestAssets.Player.csproj", "{a66a509e-8e92-c163-dc19-65c8c38054a3}"
EndProject
Project("{FAE04EC0-301F-11D3-BF4B-00C04F79EFBC}") = "UnityEngine.UI.Tests", "UnityEngine.UI.Tests.csproj", "{493b904e-69c3-8942-8b04-fac83de853e6}"
EndProject
Project("{FAE04EC0-301F-11D3-BF4B-00C04F79EFBC}") = "Unity.Burst.Tests.UnitTests", "Unity.Burst.Tests.UnitTests.csproj", "{a23fdf9b-3ce0-66c9-84ac-001f34aea1f2}"
EndProject
Project("{FAE04EC0-301F-11D3-BF4B-00C04F79EFBC}") = "UnityEditor.UI.EditorTests", "UnityEditor.UI.EditorTests.csproj", "{3fafc971-de58-a25a-fcd3-046c29612efb}"
EndProject
Project("{FAE04EC0-301F-11D3-BF4B-00C04F79EFBC}") = "Unity.TerrainTools.Editor.Tests", "Unity.TerrainTools.Editor.Tests.csproj", "{5003ebd1-31ff-80e3-45e2-eb70748beae5}"
EndProject
Project("{FAE04EC0-301F-11D3-BF4B-00C04F79EFBC}") = "Unity.Mathematics.Tests", "Unity.Mathematics.Tests.csproj", "{7cd300ed-acbf-8341-ebf7-f95e0e868162}"
EndProject
Project("{FAE04EC0-301F-11D3-BF4B-00C04F79EFBC}") = "Unity.TextMeshPro.Tests", "Unity.TextMeshPro.Tests.csproj", "{e917e25d-ad60-3213-ebcf-4fbb2b1b7fe7}"
EndProject
Project("{FAE04EC0-301F-11D3-BF4B-00C04F79EFBC}") = "Unity.2D.Path.Tests", "Unity.2D.Path.Tests.csproj", "{b4aed97d-4909-e843-3002-7a509530c0f2}"
EndProject
Project("{FAE04EC0-301F-11D3-BF4B-00C04F79EFBC}") = "Unity.2D.Sprite.Package.EditorTests", "Unity.2D.Sprite.Package.EditorTests.csproj", "{547a3d69-c25a-e83d-3ebc-342e40280d8b}"
EndProject
Project("{FAE04EC0-301F-11D3-BF4B-00C04F79EFBC}") = "Unity.2D.Tilemap.Package.EditorTests", "Unity.2D.Tilemap.Package.EditorTests.csproj", "{c72afc22-2da4-5b1c-e4ef-0fc934ea0c82}"
EndProject
Project("{FAE04EC0-301F-11D3-BF4B-00C04F79EFBC}") = "Unity.2D.PixelPerfect.EditorTests", "Unity.2D.PixelPerfect.EditorTests.csproj", "{4db3a1e3-fc41-ff1b-bc2a-b77946529347}"
EndProject
Project("{FAE04EC0-301F-11D3-BF4B-00C04F79EFBC}") = "PlayModeTests", "PlayModeTests.csproj", "{6826789b-9dc1-d1f6-2ac9-ef71f5c0bafb}"
EndProject
Project("{FAE04EC0-301F-11D3-BF4B-00C04F79EFBC}") = "Unity.Burst.Editor.Tests", "Unity.Burst.Editor.Tests.csproj", "{55d63dfd-85c5-8b4e-567e-1009f685a3a8}"
EndProject
Project("{FAE04EC0-301F-11D3-BF4B-00C04F79EFBC}") = "Unity.2D.SpriteShape.EditorTests", "Unity.2D.SpriteShape.EditorTests.csproj", "{cb137b76-6dea-712e-36ef-5bf7a8a08ed7}"
EndProject
Project("{FAE04EC0-301F-11D3-BF4B-00C04F79EFBC}") = "Unity.2D.Common.EditorTests", "Unity.2D.Common.EditorTests.csproj", "{c157d088-7549-c9f4-8117-a30b995864d3}"
EndProject
Project("{FAE04EC0-301F-11D3-BF4B-00C04F79EFBC}") = "Unity.2D.Psdimporter.EditorTests", "Unity.2D.Psdimporter.EditorTests.csproj", "{7631deff-32ab-13a7-4ec2-cd0f812ed8ab}"
EndProject
Project("{FAE04EC0-301F-11D3-BF4B-00C04F79EFBC}") = "FbxBuildTests", "FbxBuildTests.csproj", "{fa46a891-754a-01f8-f442-8946b89ae863}"
EndProject
Project("{FAE04EC0-301F-11D3-BF4B-00C04F79EFBC}") = "DocCodeExamples", "DocCodeExamples.csproj", "{df452a34-b73c-8742-8917-9a5c5deb3c92}"
EndProject
Project("{FAE04EC0-301F-11D3-BF4B-00C04F79EFBC}") = "FbxUnitTests", "FbxUnitTests.csproj", "{120c0aae-ad46-7b23-14b1-e915a8151bbb}"
EndProject
Project("{FAE04EC0-301F-11D3-BF4B-00C04F79EFBC}") = "Unity.TestTools.CodeCoverage.Editor.Compatibility", "Unity.TestTools.CodeCoverage.Editor.Compatibility.csproj", "{408743c1-d05a-dc37-dc30-a2c598550bc8}"
EndProject
Project("{FAE04EC0-301F-11D3-BF4B-00C04F79EFBC}") = "Unity.TextMeshPro.Editor.Tests", "Unity.TextMeshPro.Editor.Tests.csproj", "{b60a0ed1-3c70-1582-9f39-01d9b6353fba}"
EndProject
Project("{FAE04EC0-301F-11D3-BF4B-00C04F79EFBC}") = "Unity.Settings.Tests", "Unity.Settings.Tests.csproj", "{8d206061-2756-9336-3e5b-13efbede7b9a}"
EndProject
Project("{FAE04EC0-301F-11D3-BF4B-00C04F79EFBC}") = "com.unity.cinemachine.EditorTests", "com.unity.cinemachine.EditorTests.csproj", "{00e92b55-b766-e094-da9a-be125666d01b}"
EndProject
Project("{FAE04EC0-301F-11D3-BF4B-00C04F79EFBC}") = "Unity.2D.Tilemap.Extras.Placeholder.EditorTests", "Unity.2D.Tilemap.Extras.Placeholder.EditorTests.csproj", "{b95b0143-7f2e-c0ab-5108-ca269bb92cfa}"
EndProject
Project("{FAE04EC0-301F-11D3-BF4B-00C04F79EFBC}") = "Unity.Performance.Profile-Analyzer.EditorTests", "Unity.Performance.Profile-Analyzer.EditorTests.csproj", "{eae4b048-842c-fb5f-f4aa-d36f72858212}"
EndProject
Project("{FAE04EC0-301F-11D3-BF4B-00C04F79EFBC}") = "FbxLinuxTest", "FbxLinuxTest.csproj", "{cec2fc23-11b8-dcf1-0a67-d4ea370790a9}"
EndProject
Project("{FAE04EC0-301F-11D3-BF4B-00C04F79EFBC}") = "FbxUseCaseTests", "FbxUseCaseTests.csproj", "{34c40fa6-0b55-ba5b-6a9e-8a95b622b2fd}"
EndProject
Project("{FAE04EC0-301F-11D3-BF4B-00C04F79EFBC}") = "Unity.2D.Animation.EditorTests", "Unity.2D.Animation.EditorTests.csproj", "{4728db1e-9659-a815-e7d6-1503b310a232}"
EndProject
Project("{FAE04EC0-301F-11D3-BF4B-00C04F79EFBC}") = "SeparateAssembly", "SeparateAssembly.csproj", "{22b75a96-8382-950b-ffed-f391736bf595}"
EndProject
Project("{FAE04EC0-301F-11D3-BF4B-00C04F79EFBC}") = "com.unity.cinemachine.Tests", "com.unity.cinemachine.Tests.csproj", "{33d3cb9b-c8bc-4992-22e6-a9082fb3028b}"
EndProject
Global
	GlobalSection(SolutionConfigurationPlatforms) = preSolution
		Debug|Any CPU = Debug|Any CPU
	EndGlobalSection
	GlobalSection(ProjectConfigurationPlatforms) = postSolution
		{3cff06fd-e304-2473-f6b1-c93c7b107c10}.Debug|Any CPU.ActiveCfg = Debug|Any CPU
		{3cff06fd-e304-2473-f6b1-c93c7b107c10}.Debug|Any CPU.Build.0 = Debug|Any CPU
		{b1b308e7-d335-96cf-55a3-6551c7a96109}.Debug|Any CPU.ActiveCfg = Debug|Any CPU
		{b1b308e7-d335-96cf-55a3-6551c7a96109}.Debug|Any CPU.Build.0 = Debug|Any CPU
		{c79e8887-3eeb-b6b1-b2eb-c55c5b4b47db}.Debug|Any CPU.ActiveCfg = Debug|Any CPU
		{c79e8887-3eeb-b6b1-b2eb-c55c5b4b47db}.Debug|Any CPU.Build.0 = Debug|Any CPU
		{25242eed-ebde-f925-a760-03a7f890f9a4}.Debug|Any CPU.ActiveCfg = Debug|Any CPU
		{25242eed-ebde-f925-a760-03a7f890f9a4}.Debug|Any CPU.Build.0 = Debug|Any CPU
		{56c0166b-1d55-0d9d-9f3c-49c18e7ff286}.Debug|Any CPU.ActiveCfg = Debug|Any CPU
		{56c0166b-1d55-0d9d-9f3c-49c18e7ff286}.Debug|Any CPU.Build.0 = Debug|Any CPU
		{72bd5765-2301-bf7c-da59-4ae9ad4dadee}.Debug|Any CPU.ActiveCfg = Debug|Any CPU
		{72bd5765-2301-bf7c-da59-4ae9ad4dadee}.Debug|Any CPU.Build.0 = Debug|Any CPU
		{7fa42176-7852-3ea8-f1e6-49354d629f42}.Debug|Any CPU.ActiveCfg = Debug|Any CPU
		{7fa42176-7852-3ea8-f1e6-49354d629f42}.Debug|Any CPU.Build.0 = Debug|Any CPU
		{0b47bf7f-a6cf-fbf7-c963-f9d808613bf8}.Debug|Any CPU.ActiveCfg = Debug|Any CPU
		{0b47bf7f-a6cf-fbf7-c963-f9d808613bf8}.Debug|Any CPU.Build.0 = Debug|Any CPU
		{b6084fa9-601a-7713-8272-0d907775518d}.Debug|Any CPU.ActiveCfg = Debug|Any CPU
		{b6084fa9-601a-7713-8272-0d907775518d}.Debug|Any CPU.Build.0 = Debug|Any CPU
		{b60f842b-8eec-8bae-2f4a-e57128e15ece}.Debug|Any CPU.ActiveCfg = Debug|Any CPU
		{b60f842b-8eec-8bae-2f4a-e57128e15ece}.Debug|Any CPU.Build.0 = Debug|Any CPU
		{d8d94659-173b-9a66-b0d4-03697022f4f2}.Debug|Any CPU.ActiveCfg = Debug|Any CPU
		{d8d94659-173b-9a66-b0d4-03697022f4f2}.Debug|Any CPU.Build.0 = Debug|Any CPU
		{03b25bee-3ff4-edb7-8a43-87f2f697e1e8}.Debug|Any CPU.ActiveCfg = Debug|Any CPU
		{03b25bee-3ff4-edb7-8a43-87f2f697e1e8}.Debug|Any CPU.Build.0 = Debug|Any CPU
		{8f641919-d066-7fdd-f46f-8f2e2d497c82}.Debug|Any CPU.ActiveCfg = Debug|Any CPU
		{8f641919-d066-7fdd-f46f-8f2e2d497c82}.Debug|Any CPU.Build.0 = Debug|Any CPU
		{6a8b0429-b03c-341c-3ce3-bbd0adfbea10}.Debug|Any CPU.ActiveCfg = Debug|Any CPU
		{6a8b0429-b03c-341c-3ce3-bbd0adfbea10}.Debug|Any CPU.Build.0 = Debug|Any CPU
		{6b86c147-2dbd-ab14-e01b-96d34414c569}.Debug|Any CPU.ActiveCfg = Debug|Any CPU
		{6b86c147-2dbd-ab14-e01b-96d34414c569}.Debug|Any CPU.Build.0 = Debug|Any CPU
		{f71da59e-33b0-5814-a710-bbba8ab5e065}.Debug|Any CPU.ActiveCfg = Debug|Any CPU
		{f71da59e-33b0-5814-a710-bbba8ab5e065}.Debug|Any CPU.Build.0 = Debug|Any CPU
		{9ad21ea5-2ead-a64b-600b-51679b978f9c}.Debug|Any CPU.ActiveCfg = Debug|Any CPU
		{9ad21ea5-2ead-a64b-600b-51679b978f9c}.Debug|Any CPU.Build.0 = Debug|Any CPU
		{2c84dbd7-afff-496e-86ee-3735028a031f}.Debug|Any CPU.ActiveCfg = Debug|Any CPU
		{2c84dbd7-afff-496e-86ee-3735028a031f}.Debug|Any CPU.Build.0 = Debug|Any CPU
		{dcb1e37c-a76e-aeef-c219-4bdc7b240d7d}.Debug|Any CPU.ActiveCfg = Debug|Any CPU
		{dcb1e37c-a76e-aeef-c219-4bdc7b240d7d}.Debug|Any CPU.Build.0 = Debug|Any CPU
		{de0c2e4a-73bf-640b-a2f1-57d304ea5fba}.Debug|Any CPU.ActiveCfg = Debug|Any CPU
		{de0c2e4a-73bf-640b-a2f1-57d304ea5fba}.Debug|Any CPU.Build.0 = Debug|Any CPU
		{052c5c81-91a6-bd90-ac1c-71855147b1aa}.Debug|Any CPU.ActiveCfg = Debug|Any CPU
		{052c5c81-91a6-bd90-ac1c-71855147b1aa}.Debug|Any CPU.Build.0 = Debug|Any CPU
		{eeb65684-75e1-ccc3-489f-42acd1177add}.Debug|Any CPU.ActiveCfg = Debug|Any CPU
		{eeb65684-75e1-ccc3-489f-42acd1177add}.Debug|Any CPU.Build.0 = Debug|Any CPU
		{c469d11a-a8b3-397a-1833-466896427a62}.Debug|Any CPU.ActiveCfg = Debug|Any CPU
		{c469d11a-a8b3-397a-1833-466896427a62}.Debug|Any CPU.Build.0 = Debug|Any CPU
		{4e1bdc16-de16-7445-39ef-6577a98697fe}.Debug|Any CPU.ActiveCfg = Debug|Any CPU
		{4e1bdc16-de16-7445-39ef-6577a98697fe}.Debug|Any CPU.Build.0 = Debug|Any CPU
		{ec50ee89-7814-e955-d0b9-9dfb5d57ece8}.Debug|Any CPU.ActiveCfg = Debug|Any CPU
		{ec50ee89-7814-e955-d0b9-9dfb5d57ece8}.Debug|Any CPU.Build.0 = Debug|Any CPU
		{575b1805-5b87-35a1-7623-c99067cf5b50}.Debug|Any CPU.ActiveCfg = Debug|Any CPU
		{575b1805-5b87-35a1-7623-c99067cf5b50}.Debug|Any CPU.Build.0 = Debug|Any CPU
		{8619abef-2ea0-874f-a489-4ff94a5fa9a5}.Debug|Any CPU.ActiveCfg = Debug|Any CPU
		{8619abef-2ea0-874f-a489-4ff94a5fa9a5}.Debug|Any CPU.Build.0 = Debug|Any CPU
		{9e390c2b-d270-07ec-d284-9005b9db70d6}.Debug|Any CPU.ActiveCfg = Debug|Any CPU
		{9e390c2b-d270-07ec-d284-9005b9db70d6}.Debug|Any CPU.Build.0 = Debug|Any CPU
		{71fea277-94df-494a-642b-a1837856207a}.Debug|Any CPU.ActiveCfg = Debug|Any CPU
		{71fea277-94df-494a-642b-a1837856207a}.Debug|Any CPU.Build.0 = Debug|Any CPU
		{5c3dde5e-f5f2-df5c-8482-8c3087f0ba13}.Debug|Any CPU.ActiveCfg = Debug|Any CPU
		{5c3dde5e-f5f2-df5c-8482-8c3087f0ba13}.Debug|Any CPU.Build.0 = Debug|Any CPU
		{10743795-1c1b-3d93-ca1a-e7f6892360ce}.Debug|Any CPU.ActiveCfg = Debug|Any CPU
		{10743795-1c1b-3d93-ca1a-e7f6892360ce}.Debug|Any CPU.Build.0 = Debug|Any CPU
		{5e0e504a-e2bb-221a-ad6d-83532dccb865}.Debug|Any CPU.ActiveCfg = Debug|Any CPU
		{5e0e504a-e2bb-221a-ad6d-83532dccb865}.Debug|Any CPU.Build.0 = Debug|Any CPU
		{5effed7c-53b5-b841-4592-8b1e0cb7b47b}.Debug|Any CPU.ActiveCfg = Debug|Any CPU
		{5effed7c-53b5-b841-4592-8b1e0cb7b47b}.Debug|Any CPU.Build.0 = Debug|Any CPU
		{53f01b70-4add-a670-a283-39bbd35700d7}.Debug|Any CPU.ActiveCfg = Debug|Any CPU
		{53f01b70-4add-a670-a283-39bbd35700d7}.Debug|Any CPU.Build.0 = Debug|Any CPU
		{b9cd7ff1-972e-bfdd-533a-34a424c766f4}.Debug|Any CPU.ActiveCfg = Debug|Any CPU
		{b9cd7ff1-972e-bfdd-533a-34a424c766f4}.Debug|Any CPU.Build.0 = Debug|Any CPU
		{540f3947-7761-09eb-1909-1def77f9c6a7}.Debug|Any CPU.ActiveCfg = Debug|Any CPU
		{540f3947-7761-09eb-1909-1def77f9c6a7}.Debug|Any CPU.Build.0 = Debug|Any CPU
		{2622f009-35a9-858f-35b5-3bc51fc74c6b}.Debug|Any CPU.ActiveCfg = Debug|Any CPU
		{2622f009-35a9-858f-35b5-3bc51fc74c6b}.Debug|Any CPU.Build.0 = Debug|Any CPU
		{d3296a70-b552-cd03-d5ef-0e5a0f202024}.Debug|Any CPU.ActiveCfg = Debug|Any CPU
		{d3296a70-b552-cd03-d5ef-0e5a0f202024}.Debug|Any CPU.Build.0 = Debug|Any CPU
		{71629827-42e7-51df-f34b-ba4554c7d104}.Debug|Any CPU.ActiveCfg = Debug|Any CPU
		{71629827-42e7-51df-f34b-ba4554c7d104}.Debug|Any CPU.Build.0 = Debug|Any CPU
		{ec97fa32-be27-c631-8875-3a2d2375b0d1}.Debug|Any CPU.ActiveCfg = Debug|Any CPU
		{ec97fa32-be27-c631-8875-3a2d2375b0d1}.Debug|Any CPU.Build.0 = Debug|Any CPU
		{f4814207-7d5e-cbd3-d5bb-cc89a2a001e4}.Debug|Any CPU.ActiveCfg = Debug|Any CPU
		{f4814207-7d5e-cbd3-d5bb-cc89a2a001e4}.Debug|Any CPU.Build.0 = Debug|Any CPU
		{4b4c9ac8-68d8-0a2e-0c53-1a62305442ac}.Debug|Any CPU.ActiveCfg = Debug|Any CPU
		{4b4c9ac8-68d8-0a2e-0c53-1a62305442ac}.Debug|Any CPU.Build.0 = Debug|Any CPU
		{18de24b5-bab4-b2d5-caa3-6ad1f43102d8}.Debug|Any CPU.ActiveCfg = Debug|Any CPU
		{18de24b5-bab4-b2d5-caa3-6ad1f43102d8}.Debug|Any CPU.Build.0 = Debug|Any CPU
		{930e4900-8d5e-c2de-7314-1fcc8aab2aa2}.Debug|Any CPU.ActiveCfg = Debug|Any CPU
		{930e4900-8d5e-c2de-7314-1fcc8aab2aa2}.Debug|Any CPU.Build.0 = Debug|Any CPU
		{234bf136-fa17-6272-4866-2393e670ea18}.Debug|Any CPU.ActiveCfg = Debug|Any CPU
		{234bf136-fa17-6272-4866-2393e670ea18}.Debug|Any CPU.Build.0 = Debug|Any CPU
		{983c97d5-0ced-90eb-0d78-66162034c1c7}.Debug|Any CPU.ActiveCfg = Debug|Any CPU
		{983c97d5-0ced-90eb-0d78-66162034c1c7}.Debug|Any CPU.Build.0 = Debug|Any CPU
		{88f494d4-d0a1-0cf0-3128-b65982e4288b}.Debug|Any CPU.ActiveCfg = Debug|Any CPU
		{88f494d4-d0a1-0cf0-3128-b65982e4288b}.Debug|Any CPU.Build.0 = Debug|Any CPU
		{fe63afd2-ada0-b859-f2cd-1c030eaea1de}.Debug|Any CPU.ActiveCfg = Debug|Any CPU
		{fe63afd2-ada0-b859-f2cd-1c030eaea1de}.Debug|Any CPU.Build.0 = Debug|Any CPU
		{eed671a0-c026-04e2-f661-b3fd5af5ec23}.Debug|Any CPU.ActiveCfg = Debug|Any CPU
		{eed671a0-c026-04e2-f661-b3fd5af5ec23}.Debug|Any CPU.Build.0 = Debug|Any CPU
		{8fc87511-e8a3-646d-151f-e03bdf2af19b}.Debug|Any CPU.ActiveCfg = Debug|Any CPU
		{8fc87511-e8a3-646d-151f-e03bdf2af19b}.Debug|Any CPU.Build.0 = Debug|Any CPU
		{28572872-3788-0de8-cfb7-e8b992596c50}.Debug|Any CPU.ActiveCfg = Debug|Any CPU
		{28572872-3788-0de8-cfb7-e8b992596c50}.Debug|Any CPU.Build.0 = Debug|Any CPU
		{d0eaea68-aeba-60b9-8d79-0e4cbae80cab}.Debug|Any CPU.ActiveCfg = Debug|Any CPU
		{d0eaea68-aeba-60b9-8d79-0e4cbae80cab}.Debug|Any CPU.Build.0 = Debug|Any CPU
		{8adf8d30-634b-57c1-dc41-d43757e18398}.Debug|Any CPU.ActiveCfg = Debug|Any CPU
		{8adf8d30-634b-57c1-dc41-d43757e18398}.Debug|Any CPU.Build.0 = Debug|Any CPU
		{4b28a1d1-1cb0-c068-3783-c7f43d902f1c}.Debug|Any CPU.ActiveCfg = Debug|Any CPU
		{4b28a1d1-1cb0-c068-3783-c7f43d902f1c}.Debug|Any CPU.Build.0 = Debug|Any CPU
		{150a1f7e-259b-ad55-4904-54da6fcf9c29}.Debug|Any CPU.ActiveCfg = Debug|Any CPU
		{150a1f7e-259b-ad55-4904-54da6fcf9c29}.Debug|Any CPU.Build.0 = Debug|Any CPU
		{6325718b-19d9-779b-29d3-f253954fe3a8}.Debug|Any CPU.ActiveCfg = Debug|Any CPU
		{6325718b-19d9-779b-29d3-f253954fe3a8}.Debug|Any CPU.Build.0 = Debug|Any CPU
		{7c1c97a2-24b7-99bf-5a84-bd95f147e359}.Debug|Any CPU.ActiveCfg = Debug|Any CPU
		{7c1c97a2-24b7-99bf-5a84-bd95f147e359}.Debug|Any CPU.Build.0 = Debug|Any CPU
		{6f259960-27bf-07e1-f8f1-c6dd441141b5}.Debug|Any CPU.ActiveCfg = Debug|Any CPU
		{6f259960-27bf-07e1-f8f1-c6dd441141b5}.Debug|Any CPU.Build.0 = Debug|Any CPU
		{f3845822-12fa-1ae2-a5e7-f74c51bf1d54}.Debug|Any CPU.ActiveCfg = Debug|Any CPU
		{f3845822-12fa-1ae2-a5e7-f74c51bf1d54}.Debug|Any CPU.Build.0 = Debug|Any CPU
		{f9f8a1e8-be2a-2f31-0d4b-87f7f2be8fff}.Debug|Any CPU.ActiveCfg = Debug|Any CPU
		{f9f8a1e8-be2a-2f31-0d4b-87f7f2be8fff}.Debug|Any CPU.Build.0 = Debug|Any CPU
		{098acc0a-8d62-a64d-be4f-3d59f586d0b5}.Debug|Any CPU.ActiveCfg = Debug|Any CPU
		{098acc0a-8d62-a64d-be4f-3d59f586d0b5}.Debug|Any CPU.Build.0 = Debug|Any CPU
		{0fb54e9a-0d2e-1420-8b41-69b3bd709e96}.Debug|Any CPU.ActiveCfg = Debug|Any CPU
		{0fb54e9a-0d2e-1420-8b41-69b3bd709e96}.Debug|Any CPU.Build.0 = Debug|Any CPU
		{9bc10e97-892a-9dcc-998f-39c3bc5c2831}.Debug|Any CPU.ActiveCfg = Debug|Any CPU
		{9bc10e97-892a-9dcc-998f-39c3bc5c2831}.Debug|Any CPU.Build.0 = Debug|Any CPU
		{2aca7fda-6ae7-b7ea-b477-8e18b2a9ae0f}.Debug|Any CPU.ActiveCfg = Debug|Any CPU
		{2aca7fda-6ae7-b7ea-b477-8e18b2a9ae0f}.Debug|Any CPU.Build.0 = Debug|Any CPU
		{bbfa9a3e-39b9-f679-4e64-f3bed69987da}.Debug|Any CPU.ActiveCfg = Debug|Any CPU
		{bbfa9a3e-39b9-f679-4e64-f3bed69987da}.Debug|Any CPU.Build.0 = Debug|Any CPU
		{21b1941a-e6e2-056c-457b-1c6bcb66da06}.Debug|Any CPU.ActiveCfg = Debug|Any CPU
		{21b1941a-e6e2-056c-457b-1c6bcb66da06}.Debug|Any CPU.Build.0 = Debug|Any CPU
		{5695dedf-a3cd-4fb8-51e0-e9756db645e3}.Debug|Any CPU.ActiveCfg = Debug|Any CPU
		{5695dedf-a3cd-4fb8-51e0-e9756db645e3}.Debug|Any CPU.Build.0 = Debug|Any CPU
		{99426d1d-851e-562b-240a-5188f0edc5c0}.Debug|Any CPU.ActiveCfg = Debug|Any CPU
		{99426d1d-851e-562b-240a-5188f0edc5c0}.Debug|Any CPU.Build.0 = Debug|Any CPU
		{b2db977f-7ccd-9d3c-227b-5b24787e05bd}.Debug|Any CPU.ActiveCfg = Debug|Any CPU
		{b2db977f-7ccd-9d3c-227b-5b24787e05bd}.Debug|Any CPU.Build.0 = Debug|Any CPU
		{212e95ae-2a58-a5fb-d522-c16ffb3ee735}.Debug|Any CPU.ActiveCfg = Debug|Any CPU
		{212e95ae-2a58-a5fb-d522-c16ffb3ee735}.Debug|Any CPU.Build.0 = Debug|Any CPU
		{ff714ec9-fa80-9063-a849-a8855d118a29}.Debug|Any CPU.ActiveCfg = Debug|Any CPU
		{ff714ec9-fa80-9063-a849-a8855d118a29}.Debug|Any CPU.Build.0 = Debug|Any CPU
		{6f753a2f-4923-16c7-04a5-3af6038eeabc}.Debug|Any CPU.ActiveCfg = Debug|Any CPU
		{6f753a2f-4923-16c7-04a5-3af6038eeabc}.Debug|Any CPU.Build.0 = Debug|Any CPU
		{3e734aa9-41ef-584d-2a05-a5d6c5cc9c49}.Debug|Any CPU.ActiveCfg = Debug|Any CPU
		{3e734aa9-41ef-584d-2a05-a5d6c5cc9c49}.Debug|Any CPU.Build.0 = Debug|Any CPU
		{cb69fd08-a053-c5e1-61dc-d21e2a52145e}.Debug|Any CPU.ActiveCfg = Debug|Any CPU
		{cb69fd08-a053-c5e1-61dc-d21e2a52145e}.Debug|Any CPU.Build.0 = Debug|Any CPU
		{37460400-a8fe-80bd-e965-68fcf9c9eed3}.Debug|Any CPU.ActiveCfg = Debug|Any CPU
		{37460400-a8fe-80bd-e965-68fcf9c9eed3}.Debug|Any CPU.Build.0 = Debug|Any CPU
		{15aba643-e61a-bbf1-d945-8e02fbdddc8c}.Debug|Any CPU.ActiveCfg = Debug|Any CPU
		{15aba643-e61a-bbf1-d945-8e02fbdddc8c}.Debug|Any CPU.Build.0 = Debug|Any CPU
		{bb111f2f-41e5-9051-9827-5211ac7fdc48}.Debug|Any CPU.ActiveCfg = Debug|Any CPU
		{bb111f2f-41e5-9051-9827-5211ac7fdc48}.Debug|Any CPU.Build.0 = Debug|Any CPU
		{8c2259a4-98a8-715e-55aa-153e5c793b60}.Debug|Any CPU.ActiveCfg = Debug|Any CPU
		{8c2259a4-98a8-715e-55aa-153e5c793b60}.Debug|Any CPU.Build.0 = Debug|Any CPU
		{04c3bf0f-4815-9b85-8bce-8e374968e241}.Debug|Any CPU.ActiveCfg = Debug|Any CPU
		{04c3bf0f-4815-9b85-8bce-8e374968e241}.Debug|Any CPU.Build.0 = Debug|Any CPU
		{176b3f4c-11d4-74b7-64b8-5b1a7b1f7df6}.Debug|Any CPU.ActiveCfg = Debug|Any CPU
		{176b3f4c-11d4-74b7-64b8-5b1a7b1f7df6}.Debug|Any CPU.Build.0 = Debug|Any CPU
		{aee9f852-193f-c704-c4bf-f238ae3d5d46}.Debug|Any CPU.ActiveCfg = Debug|Any CPU
		{aee9f852-193f-c704-c4bf-f238ae3d5d46}.Debug|Any CPU.Build.0 = Debug|Any CPU
		{3acf269c-6496-2c81-7ebb-dd4d08d864b2}.Debug|Any CPU.ActiveCfg = Debug|Any CPU
		{3acf269c-6496-2c81-7ebb-dd4d08d864b2}.Debug|Any CPU.Build.0 = Debug|Any CPU
		{8d54a8ff-aa11-f5d8-48ab-40fae264c110}.Debug|Any CPU.ActiveCfg = Debug|Any CPU
		{8d54a8ff-aa11-f5d8-48ab-40fae264c110}.Debug|Any CPU.Build.0 = Debug|Any CPU
		{385bb8b5-48a5-fae6-ce6e-6f52840c49b3}.Debug|Any CPU.ActiveCfg = Debug|Any CPU
		{385bb8b5-48a5-fae6-ce6e-6f52840c49b3}.Debug|Any CPU.Build.0 = Debug|Any CPU
		{6630de01-9f1e-c460-9c72-e1012fe22960}.Debug|Any CPU.ActiveCfg = Debug|Any CPU
		{6630de01-9f1e-c460-9c72-e1012fe22960}.Debug|Any CPU.Build.0 = Debug|Any CPU
		{95d4eab5-80e4-8721-dd8f-0113adc3d8b3}.Debug|Any CPU.ActiveCfg = Debug|Any CPU
		{95d4eab5-80e4-8721-dd8f-0113adc3d8b3}.Debug|Any CPU.Build.0 = Debug|Any CPU
		{5cde9c93-e7ae-d05e-ec7f-96a3bd68f489}.Debug|Any CPU.ActiveCfg = Debug|Any CPU
		{5cde9c93-e7ae-d05e-ec7f-96a3bd68f489}.Debug|Any CPU.Build.0 = Debug|Any CPU
		{2f4e5140-bbd5-5a63-bd88-2406a27f5b31}.Debug|Any CPU.ActiveCfg = Debug|Any CPU
		{2f4e5140-bbd5-5a63-bd88-2406a27f5b31}.Debug|Any CPU.Build.0 = Debug|Any CPU
		{3a8cab7a-1449-df7e-559d-6dc04ee8db9a}.Debug|Any CPU.ActiveCfg = Debug|Any CPU
		{3a8cab7a-1449-df7e-559d-6dc04ee8db9a}.Debug|Any CPU.Build.0 = Debug|Any CPU
		{8ef14804-5070-1c0a-f483-619d9fae19f2}.Debug|Any CPU.ActiveCfg = Debug|Any CPU
		{8ef14804-5070-1c0a-f483-619d9fae19f2}.Debug|Any CPU.Build.0 = Debug|Any CPU
		{dc2cc330-0f80-ba00-cb55-96bdf927e197}.Debug|Any CPU.ActiveCfg = Debug|Any CPU
		{dc2cc330-0f80-ba00-cb55-96bdf927e197}.Debug|Any CPU.Build.0 = Debug|Any CPU
		{e80f6c19-313c-bc21-5951-1b2ef051ea5e}.Debug|Any CPU.ActiveCfg = Debug|Any CPU
		{e80f6c19-313c-bc21-5951-1b2ef051ea5e}.Debug|Any CPU.Build.0 = Debug|Any CPU
		{311c1805-cdef-f8fd-9c79-40b04b6a33f8}.Debug|Any CPU.ActiveCfg = Debug|Any CPU
		{311c1805-cdef-f8fd-9c79-40b04b6a33f8}.Debug|Any CPU.Build.0 = Debug|Any CPU
		{121ab89b-bacb-a48f-4d61-b9b479d4d38a}.Debug|Any CPU.ActiveCfg = Debug|Any CPU
		{121ab89b-bacb-a48f-4d61-b9b479d4d38a}.Debug|Any CPU.Build.0 = Debug|Any CPU
		{10437ec7-46dc-84d2-e10e-c94942544c1c}.Debug|Any CPU.ActiveCfg = Debug|Any CPU
		{10437ec7-46dc-84d2-e10e-c94942544c1c}.Debug|Any CPU.Build.0 = Debug|Any CPU
		{e5376325-4f31-cf9a-6371-00e6b14907de}.Debug|Any CPU.ActiveCfg = Debug|Any CPU
		{e5376325-4f31-cf9a-6371-00e6b14907de}.Debug|Any CPU.Build.0 = Debug|Any CPU
		{9fb06a31-8be8-1267-1e77-f99aa45f2d41}.Debug|Any CPU.ActiveCfg = Debug|Any CPU
		{9fb06a31-8be8-1267-1e77-f99aa45f2d41}.Debug|Any CPU.Build.0 = Debug|Any CPU
		{dc12c516-5a33-ce87-8166-b5574c1b5e57}.Debug|Any CPU.ActiveCfg = Debug|Any CPU
		{dc12c516-5a33-ce87-8166-b5574c1b5e57}.Debug|Any CPU.Build.0 = Debug|Any CPU
		{2c2fc717-549d-744c-1e9f-cff73e3094be}.Debug|Any CPU.ActiveCfg = Debug|Any CPU
		{2c2fc717-549d-744c-1e9f-cff73e3094be}.Debug|Any CPU.Build.0 = Debug|Any CPU
		{4fc43b6c-8dac-96e4-f12e-2c4bd2387c10}.Debug|Any CPU.ActiveCfg = Debug|Any CPU
		{4fc43b6c-8dac-96e4-f12e-2c4bd2387c10}.Debug|Any CPU.Build.0 = Debug|Any CPU
		{a91cddd7-a478-5610-6fc9-3a089af58891}.Debug|Any CPU.ActiveCfg = Debug|Any CPU
		{a91cddd7-a478-5610-6fc9-3a089af58891}.Debug|Any CPU.Build.0 = Debug|Any CPU
		{a66a509e-8e92-c163-dc19-65c8c38054a3}.Debug|Any CPU.ActiveCfg = Debug|Any CPU
		{a66a509e-8e92-c163-dc19-65c8c38054a3}.Debug|Any CPU.Build.0 = Debug|Any CPU
		{493b904e-69c3-8942-8b04-fac83de853e6}.Debug|Any CPU.ActiveCfg = Debug|Any CPU
		{493b904e-69c3-8942-8b04-fac83de853e6}.Debug|Any CPU.Build.0 = Debug|Any CPU
		{a23fdf9b-3ce0-66c9-84ac-001f34aea1f2}.Debug|Any CPU.ActiveCfg = Debug|Any CPU
		{a23fdf9b-3ce0-66c9-84ac-001f34aea1f2}.Debug|Any CPU.Build.0 = Debug|Any CPU
		{3fafc971-de58-a25a-fcd3-046c29612efb}.Debug|Any CPU.ActiveCfg = Debug|Any CPU
		{3fafc971-de58-a25a-fcd3-046c29612efb}.Debug|Any CPU.Build.0 = Debug|Any CPU
		{5003ebd1-31ff-80e3-45e2-eb70748beae5}.Debug|Any CPU.ActiveCfg = Debug|Any CPU
		{5003ebd1-31ff-80e3-45e2-eb70748beae5}.Debug|Any CPU.Build.0 = Debug|Any CPU
		{7cd300ed-acbf-8341-ebf7-f95e0e868162}.Debug|Any CPU.ActiveCfg = Debug|Any CPU
		{7cd300ed-acbf-8341-ebf7-f95e0e868162}.Debug|Any CPU.Build.0 = Debug|Any CPU
		{e917e25d-ad60-3213-ebcf-4fbb2b1b7fe7}.Debug|Any CPU.ActiveCfg = Debug|Any CPU
		{e917e25d-ad60-3213-ebcf-4fbb2b1b7fe7}.Debug|Any CPU.Build.0 = Debug|Any CPU
		{b4aed97d-4909-e843-3002-7a509530c0f2}.Debug|Any CPU.ActiveCfg = Debug|Any CPU
		{b4aed97d-4909-e843-3002-7a509530c0f2}.Debug|Any CPU.Build.0 = Debug|Any CPU
		{547a3d69-c25a-e83d-3ebc-342e40280d8b}.Debug|Any CPU.ActiveCfg = Debug|Any CPU
		{547a3d69-c25a-e83d-3ebc-342e40280d8b}.Debug|Any CPU.Build.0 = Debug|Any CPU
		{c72afc22-2da4-5b1c-e4ef-0fc934ea0c82}.Debug|Any CPU.ActiveCfg = Debug|Any CPU
		{c72afc22-2da4-5b1c-e4ef-0fc934ea0c82}.Debug|Any CPU.Build.0 = Debug|Any CPU
		{4db3a1e3-fc41-ff1b-bc2a-b77946529347}.Debug|Any CPU.ActiveCfg = Debug|Any CPU
		{4db3a1e3-fc41-ff1b-bc2a-b77946529347}.Debug|Any CPU.Build.0 = Debug|Any CPU
		{6826789b-9dc1-d1f6-2ac9-ef71f5c0bafb}.Debug|Any CPU.ActiveCfg = Debug|Any CPU
		{6826789b-9dc1-d1f6-2ac9-ef71f5c0bafb}.Debug|Any CPU.Build.0 = Debug|Any CPU
		{55d63dfd-85c5-8b4e-567e-1009f685a3a8}.Debug|Any CPU.ActiveCfg = Debug|Any CPU
		{55d63dfd-85c5-8b4e-567e-1009f685a3a8}.Debug|Any CPU.Build.0 = Debug|Any CPU
		{cb137b76-6dea-712e-36ef-5bf7a8a08ed7}.Debug|Any CPU.ActiveCfg = Debug|Any CPU
		{cb137b76-6dea-712e-36ef-5bf7a8a08ed7}.Debug|Any CPU.Build.0 = Debug|Any CPU
		{c157d088-7549-c9f4-8117-a30b995864d3}.Debug|Any CPU.ActiveCfg = Debug|Any CPU
		{c157d088-7549-c9f4-8117-a30b995864d3}.Debug|Any CPU.Build.0 = Debug|Any CPU
		{7631deff-32ab-13a7-4ec2-cd0f812ed8ab}.Debug|Any CPU.ActiveCfg = Debug|Any CPU
		{7631deff-32ab-13a7-4ec2-cd0f812ed8ab}.Debug|Any CPU.Build.0 = Debug|Any CPU
		{fa46a891-754a-01f8-f442-8946b89ae863}.Debug|Any CPU.ActiveCfg = Debug|Any CPU
		{fa46a891-754a-01f8-f442-8946b89ae863}.Debug|Any CPU.Build.0 = Debug|Any CPU
		{df452a34-b73c-8742-8917-9a5c5deb3c92}.Debug|Any CPU.ActiveCfg = Debug|Any CPU
		{df452a34-b73c-8742-8917-9a5c5deb3c92}.Debug|Any CPU.Build.0 = Debug|Any CPU
		{120c0aae-ad46-7b23-14b1-e915a8151bbb}.Debug|Any CPU.ActiveCfg = Debug|Any CPU
		{120c0aae-ad46-7b23-14b1-e915a8151bbb}.Debug|Any CPU.Build.0 = Debug|Any CPU
		{408743c1-d05a-dc37-dc30-a2c598550bc8}.Debug|Any CPU.ActiveCfg = Debug|Any CPU
		{408743c1-d05a-dc37-dc30-a2c598550bc8}.Debug|Any CPU.Build.0 = Debug|Any CPU
		{b60a0ed1-3c70-1582-9f39-01d9b6353fba}.Debug|Any CPU.ActiveCfg = Debug|Any CPU
		{b60a0ed1-3c70-1582-9f39-01d9b6353fba}.Debug|Any CPU.Build.0 = Debug|Any CPU
		{8d206061-2756-9336-3e5b-13efbede7b9a}.Debug|Any CPU.ActiveCfg = Debug|Any CPU
		{8d206061-2756-9336-3e5b-13efbede7b9a}.Debug|Any CPU.Build.0 = Debug|Any CPU
		{00e92b55-b766-e094-da9a-be125666d01b}.Debug|Any CPU.ActiveCfg = Debug|Any CPU
		{00e92b55-b766-e094-da9a-be125666d01b}.Debug|Any CPU.Build.0 = Debug|Any CPU
		{b95b0143-7f2e-c0ab-5108-ca269bb92cfa}.Debug|Any CPU.ActiveCfg = Debug|Any CPU
		{b95b0143-7f2e-c0ab-5108-ca269bb92cfa}.Debug|Any CPU.Build.0 = Debug|Any CPU
		{eae4b048-842c-fb5f-f4aa-d36f72858212}.Debug|Any CPU.ActiveCfg = Debug|Any CPU
		{eae4b048-842c-fb5f-f4aa-d36f72858212}.Debug|Any CPU.Build.0 = Debug|Any CPU
		{cec2fc23-11b8-dcf1-0a67-d4ea370790a9}.Debug|Any CPU.ActiveCfg = Debug|Any CPU
		{cec2fc23-11b8-dcf1-0a67-d4ea370790a9}.Debug|Any CPU.Build.0 = Debug|Any CPU
		{34c40fa6-0b55-ba5b-6a9e-8a95b622b2fd}.Debug|Any CPU.ActiveCfg = Debug|Any CPU
		{34c40fa6-0b55-ba5b-6a9e-8a95b622b2fd}.Debug|Any CPU.Build.0 = Debug|Any CPU
		{4728db1e-9659-a815-e7d6-1503b310a232}.Debug|Any CPU.ActiveCfg = Debug|Any CPU
		{4728db1e-9659-a815-e7d6-1503b310a232}.Debug|Any CPU.Build.0 = Debug|Any CPU
		{22b75a96-8382-950b-ffed-f391736bf595}.Debug|Any CPU.ActiveCfg = Debug|Any CPU
		{22b75a96-8382-950b-ffed-f391736bf595}.Debug|Any CPU.Build.0 = Debug|Any CPU
		{33d3cb9b-c8bc-4992-22e6-a9082fb3028b}.Debug|Any CPU.ActiveCfg = Debug|Any CPU
		{33d3cb9b-c8bc-4992-22e6-a9082fb3028b}.Debug|Any CPU.Build.0 = Debug|Any CPU
	EndGlobalSection
	GlobalSection(SolutionProperties) = preSolution
		HideSolutionNode = FALSE
	EndGlobalSection
EndGlobal
